
Microsoft Visual Studio Solution File, Format Version 12.00
# Visual Studio 15
VisualStudioVersion = 15.0.28010.2016
MinimumVisualStudioVersion = 10.0.40219.1
Project("{FAE04EC0-301F-11D3-BF4B-00C04F79EFBC}") = "Grawer", "Grawer\Grawer.csproj", "{048247C6-0559-4FB4-A8D9-A557A924D79B}"
EndProject
Global
	GlobalSection(SolutionConfigurationPlatforms) = preSolution
		Debug|Any CPU = Debug|Any CPU
		Release|Any CPU = Release|Any CPU
	EndGlobalSection
	GlobalSection(ProjectConfigurationPlatforms) = postSolution
		{048247C6-0559-4FB4-A8D9-A557A924D79B}.Debug|Any CPU.ActiveCfg = Debug|Any CPU
		{048247C6-0559-4FB4-A8D9-A557A924D79B}.Debug|Any CPU.Build.0 = Debug|Any CPU
		{048247C6-0559-4FB4-A8D9-A557A924D79B}.Release|Any CPU.ActiveCfg = Release|Any CPU
		{048247C6-0559-4FB4-A8D9-A557A924D79B}.Release|Any CPU.Build.0 = Release|Any CPU
	EndGlobalSection
	GlobalSection(SolutionProperties) = preSolution
		HideSolutionNode = FALSE
	EndGlobalSection
	GlobalSection(ExtensibilityGlobals) = postSolution
		SolutionGuid = {2AE1C725-93C9-4B49-B749-528857307AA8}
	EndGlobalSection
EndGlobal
